
Microsoft Visual Studio Solution File, Format Version 12.00
# Visual Studio 15
VisualStudioVersion = 15.0.28307.572
MinimumVisualStudioVersion = 10.0.40219.1
Project("{2150E333-8FDC-42A3-9474-1A3956D46DE8}") = "SOLID", "SOLID", "{669FBEF3-4ADA-4E30-8CAB-4E6E866B629F}"
EndProject
Project("{2150E333-8FDC-42A3-9474-1A3956D46DE8}") = "1. Single Responsibility Principle", "1. Single Responsibility Principle", "{7E726089-EC65-401A-B5FC-8B4AB03E7A8E}"
EndProject
Project("{2150E333-8FDC-42A3-9474-1A3956D46DE8}") = "2. Open Closed Principle", "2. Open Closed Principle", "{6B013CEB-39DF-4F9B-A3F4-3C6629A469AB}"
EndProject
Project("{2150E333-8FDC-42A3-9474-1A3956D46DE8}") = "3. Liskov Substitution Principle", "3. Liskov Substitution Principle", "{066DCB7F-6DC9-488F-927D-51AD898D9966}"
EndProject
Project("{2150E333-8FDC-42A3-9474-1A3956D46DE8}") = "4. Interface Segregation Principle", "4. Interface Segregation Principle", "{AB96AEDC-9564-44DD-8773-1F6D0F36C881}"
EndProject
Project("{2150E333-8FDC-42A3-9474-1A3956D46DE8}") = "5 Dependency Inversion Principle", "5 Dependency Inversion Principle", "{9E4C020A-B596-47D5-B593-41C7AB74216F}"
EndProject
Project("{2150E333-8FDC-42A3-9474-1A3956D46DE8}") = "1.1 Example", "1.1 Example", "{274F6E5D-C36A-46EA-A256-11F999CCCA55}"
EndProject
Project("{2150E333-8FDC-42A3-9474-1A3956D46DE8}") = "1.2 Assignment", "1.2 Assignment", "{2A3388B8-A3EA-4271-88DA-42F3AF35666E}"
EndProject
Project("{2150E333-8FDC-42A3-9474-1A3956D46DE8}") = "2.1 Example", "2.1 Example", "{63184402-C74C-488D-B058-66903E1F753D}"
EndProject
Project("{2150E333-8FDC-42A3-9474-1A3956D46DE8}") = "2.2 Assignment", "2.2 Assignment", "{F560041F-C6E7-47E2-A3A7-A1E55FFBD3A2}"
EndProject
Project("{2150E333-8FDC-42A3-9474-1A3956D46DE8}") = "3.1 Example", "3.1 Example", "{3B9AE1CD-0543-447F-95EE-007154955C1E}"
EndProject
Project("{2150E333-8FDC-42A3-9474-1A3956D46DE8}") = "3.2 Assignment", "3.2 Assignment", "{3B25E82D-8E7A-4E8E-806E-648879380B1F}"
EndProject
Project("{2150E333-8FDC-42A3-9474-1A3956D46DE8}") = "Patterns", "Patterns", "{1C303869-348A-4ED5-9D1F-6A19D57A2F00}"
EndProject
Project("{2150E333-8FDC-42A3-9474-1A3956D46DE8}") = "4.1 Example", "4.1 Example", "{C608F418-EA1E-493A-B555-1EDEFBD22B2D}"
EndProject
Project("{2150E333-8FDC-42A3-9474-1A3956D46DE8}") = "4.2 Assignment", "4.2 Assignment", "{20D5C4E3-D31D-4B40-8F62-7B249F9B8BE1}"
EndProject
Project("{2150E333-8FDC-42A3-9474-1A3956D46DE8}") = "5.1 Example", "5.1 Example", "{41223144-6FB2-47CA-95CA-64027C259149}"
	ProjectSection(SolutionItems) = preProject
		Readme.txt = Readme.txt
	EndProjectSection
EndProject
Project("{2150E333-8FDC-42A3-9474-1A3956D46DE8}") = "5.2 Assignment", "5.2 Assignment", "{CF303B95-ECBA-4192-9FE6-F51BEF29E08F}"
EndProject
Project("{9A19103F-16F7-4668-BE54-9A1E7A4F7556}") = "SRPExample", "SRPExample\SRPExample.csproj", "{61FB4878-2BAF-4BD3-ABC0-95D4EB46A409}"
EndProject
Project("{9A19103F-16F7-4668-BE54-9A1E7A4F7556}") = "SRPAssignment", "SRPAssignment\SRPAssignment.csproj", "{6CD47A03-7D57-4837-94DE-C89C09BB545E}"
EndProject
Project("{9A19103F-16F7-4668-BE54-9A1E7A4F7556}") = "OCPExample", "OCPExample\OCPExample.csproj", "{2DD7D257-094B-4AA2-BC8C-6D596DB3EFC5}"
EndProject
Project("{9A19103F-16F7-4668-BE54-9A1E7A4F7556}") = "LSPExample", "LSPExample\LSPExample.csproj", "{CCD29BB2-BDB4-45C4-B2E3-39CADC85B0C2}"
EndProject
Project("{9A19103F-16F7-4668-BE54-9A1E7A4F7556}") = "ISPExample", "ISPExample\ISPExample.csproj", "{E773DAC1-782F-4304-8354-190481656D56}"
EndProject
Project("{2150E333-8FDC-42A3-9474-1A3956D46DE8}") = "Testing", "Testing", "{E889ED3A-5EAF-469E-AC8A-EB13EDD0468C}"
EndProject
Project("{2150E333-8FDC-42A3-9474-1A3956D46DE8}") = "1. Creational", "1. Creational", "{D48C6654-C118-44E7-9517-BDA1A4DFB824}"
EndProject
Project("{2150E333-8FDC-42A3-9474-1A3956D46DE8}") = "3. Structural", "3. Structural", "{F91D5322-EE8F-4136-8E91-6B63AEC177B0}"
EndProject
Project("{2150E333-8FDC-42A3-9474-1A3956D46DE8}") = "2. Behavioural", "2. Behavioural", "{2B4EA847-46F9-4F64-854B-2B001B1409E8}"
EndProject
Project("{2150E333-8FDC-42A3-9474-1A3956D46DE8}") = "TDD", "TDD", "{EC516EF4-7BB7-4C06-9529-1E9C3BC364BD}"
EndProject
Project("{2150E333-8FDC-42A3-9474-1A3956D46DE8}") = "2. Access Modifiers", "2. Access Modifiers", "{D149FE24-A88D-4D9F-ACF8-118CC9139E5D}"
EndProject
Project("{2150E333-8FDC-42A3-9474-1A3956D46DE8}") = "3. Flow Control", "3. Flow Control", "{6DD81BDC-B341-40DA-86D3-B2AA78D09A66}"
EndProject
Project("{2150E333-8FDC-42A3-9474-1A3956D46DE8}") = "Language Features", "Language Features", "{A8F904B5-C92C-4DA3-8667-A70B8CDD7F5A}"
EndProject
Project("{2150E333-8FDC-42A3-9474-1A3956D46DE8}") = "Extensions", "Extensions", "{80AD348F-AC7B-4D3C-B7B0-9EA50B06F733}"
EndProject
Project("{2150E333-8FDC-42A3-9474-1A3956D46DE8}") = "LINQ", "LINQ", "{A5E4A9AE-BB7D-420E-A887-C94E01AF9939}"
EndProject
Project("{2150E333-8FDC-42A3-9474-1A3956D46DE8}") = "Lambda and Anonymous Functions", "Lambda and Anonymous Functions", "{87E704C3-8B87-4797-93C1-F3AB65DE52C7}"
EndProject
Project("{2150E333-8FDC-42A3-9474-1A3956D46DE8}") = "Delegates", "Delegates", "{C4987324-3350-4BF6-B0F4-1FD4B6D32FD7}"
EndProject
Project("{2150E333-8FDC-42A3-9474-1A3956D46DE8}") = "Abstract Factory", "Abstract Factory", "{76C90681-2105-44D5-AF0A-EF4C6DCBC362}"
EndProject
Project("{2150E333-8FDC-42A3-9474-1A3956D46DE8}") = "Builder", "Builder", "{068444DB-07CC-4A1B-AD23-1D734F93F373}"
EndProject
Project("{2150E333-8FDC-42A3-9474-1A3956D46DE8}") = "Factory Method", "Factory Method", "{0A1C9718-5B60-4BAA-AA4A-28557D60C4F2}"
EndProject
Project("{2150E333-8FDC-42A3-9474-1A3956D46DE8}") = "Singleton", "Singleton", "{E6C00755-74AB-41AB-BED8-689C6A94A9BC}"
EndProject
Project("{2150E333-8FDC-42A3-9474-1A3956D46DE8}") = "Prototype", "Prototype", "{70F4557A-0522-4246-965E-F3E227E199BD}"
EndProject
Project("{2150E333-8FDC-42A3-9474-1A3956D46DE8}") = "Basics", "Basics", "{7D91C765-EF7B-440D-B982-57FC4EDC9A90}"
EndProject
Project("{2150E333-8FDC-42A3-9474-1A3956D46DE8}") = "1. Variables", "1. Variables", "{FC6AD2B0-C5CF-4514-8999-AADD28D1795D}"
EndProject
Project("{2150E333-8FDC-42A3-9474-1A3956D46DE8}") = "Loops", "Loops", "{11EFA78F-A45C-4245-A817-D7610321282D}"
EndProject
Project("{2150E333-8FDC-42A3-9474-1A3956D46DE8}") = "4. Exceptions", "4. Exceptions", "{9477126B-F8B7-4DD0-939F-52DF2DEE9C7F}"
EndProject
Project("{2150E333-8FDC-42A3-9474-1A3956D46DE8}") = "Chain of Responsibility", "Chain of Responsibility", "{F7BFC106-02C5-43B3-A7BC-92B98368A0B8}"
EndProject
Project("{2150E333-8FDC-42A3-9474-1A3956D46DE8}") = "Command", "Command", "{C876BE9A-E1A2-4C48-A56B-F51AFA13484A}"
EndProject
Project("{2150E333-8FDC-42A3-9474-1A3956D46DE8}") = "Interpreter", "Interpreter", "{EB32D75D-149A-4EF2-AB69-986277EFF547}"
EndProject
Project("{2150E333-8FDC-42A3-9474-1A3956D46DE8}") = "Mediator", "Mediator", "{A8AA3A0D-A7EB-4337-BA1D-7F84B7C91A07}"
EndProject
Project("{2150E333-8FDC-42A3-9474-1A3956D46DE8}") = "Memento", "Memento", "{A8CAC7B7-3775-4174-AE4E-A59241507B3F}"
EndProject
Project("{2150E333-8FDC-42A3-9474-1A3956D46DE8}") = "Observer", "Observer", "{1393D600-9298-4EEA-AC35-C056D98D1145}"
EndProject
Project("{2150E333-8FDC-42A3-9474-1A3956D46DE8}") = "State", "State", "{3DFDC4F7-260B-470D-A361-55AADC242EC2}"
EndProject
Project("{2150E333-8FDC-42A3-9474-1A3956D46DE8}") = "Strategy", "Strategy", "{FD66F8AD-BEC2-45A1-BBD2-EAB84864C7A7}"
EndProject
Project("{2150E333-8FDC-42A3-9474-1A3956D46DE8}") = "Template Method", "Template Method", "{BC93B0C5-2918-482D-BEA8-024C991B0B5C}"
EndProject
Project("{2150E333-8FDC-42A3-9474-1A3956D46DE8}") = "Visitor", "Visitor", "{AA979520-C44D-4014-BEAD-781102B1F7B5}"
EndProject
Project("{2150E333-8FDC-42A3-9474-1A3956D46DE8}") = "Adapter", "Adapter", "{31AF0EC0-FBF0-4DB0-A1CB-672A500A03AB}"
EndProject
Project("{2150E333-8FDC-42A3-9474-1A3956D46DE8}") = "Bridge", "Bridge", "{9CE2B2DC-1229-4D24-95C8-B517462D5F1B}"
EndProject
Project("{2150E333-8FDC-42A3-9474-1A3956D46DE8}") = "Composite", "Composite", "{B2448B11-32DA-469F-8806-8770DBC91501}"
EndProject
Project("{2150E333-8FDC-42A3-9474-1A3956D46DE8}") = "Decorator", "Decorator", "{1C6883BC-E1BE-4A86-8DED-1F5D220DBCFF}"
EndProject
Project("{2150E333-8FDC-42A3-9474-1A3956D46DE8}") = "Façade", "Façade", "{C0156830-06BB-4051-A26D-82BEC2196284}"
EndProject
Project("{2150E333-8FDC-42A3-9474-1A3956D46DE8}") = "Flyweight", "Flyweight", "{155156F1-2A30-4FC2-8123-DB56D456BB1A}"
EndProject
Project("{2150E333-8FDC-42A3-9474-1A3956D46DE8}") = "Proxy", "Proxy", "{871B298F-684B-406B-B5DD-01F677B3E8AD}"
EndProject
Project("{2150E333-8FDC-42A3-9474-1A3956D46DE8}") = "While .. Do", "While .. Do", "{71899B23-D76F-4A97-A9DC-63A52D63BD44}"
EndProject
Project("{2150E333-8FDC-42A3-9474-1A3956D46DE8}") = "For", "For", "{7747A814-92D5-4D64-BCF5-63D7488BDEF4}"
EndProject
Project("{2150E333-8FDC-42A3-9474-1A3956D46DE8}") = "Foreach", "Foreach", "{97429BB2-3276-488D-AE3F-88AB8ADEFF44}"
EndProject
Project("{2150E333-8FDC-42A3-9474-1A3956D46DE8}") = "Try .. Catch", "Try .. Catch", "{2CEB8B09-003A-4931-93C3-B52CA242502B}"
EndProject
Project("{9A19103F-16F7-4668-BE54-9A1E7A4F7556}") = "OCPAssignment", "OCPAssignment\OCPAssignment.csproj", "{EEF6FE38-C547-4CB3-9CE1-B6AABF6654B9}"
EndProject
Project("{9A19103F-16F7-4668-BE54-9A1E7A4F7556}") = "LSPAssignment", "LSPAssignment\LSPAssignment.csproj", "{C4472993-7B7E-4214-B9FF-E8ED9FFB184C}"
EndProject
Project("{2150E333-8FDC-42A3-9474-1A3956D46DE8}") = "Generics", "Generics", "{47E2D08C-0836-466B-BF19-FFA01C18B698}"
EndProject
Project("{2150E333-8FDC-42A3-9474-1A3956D46DE8}") = "Nullable Types", "Nullable Types", "{A5CDC5DB-B7A7-4593-9C31-9F7EF2C840CD}"
EndProject
Project("{2150E333-8FDC-42A3-9474-1A3956D46DE8}") = "Threading", "Threading", "{076262BE-5A86-4524-96C1-8528F594421B}"
EndProject
Project("{FAE04EC0-301F-11D3-BF4B-00C04F79EFBC}") = "ISPAssignment", "ISPAssignment\ISPAssignment.csproj", "{629327AA-EDA1-4CB2-9500-73A8669388B0}"
EndProject
Global
	GlobalSection(SolutionConfigurationPlatforms) = preSolution
		Debug|Any CPU = Debug|Any CPU
		Release|Any CPU = Release|Any CPU
	EndGlobalSection
	GlobalSection(ProjectConfigurationPlatforms) = postSolution
		{61FB4878-2BAF-4BD3-ABC0-95D4EB46A409}.Debug|Any CPU.ActiveCfg = Debug|Any CPU
		{61FB4878-2BAF-4BD3-ABC0-95D4EB46A409}.Debug|Any CPU.Build.0 = Debug|Any CPU
		{61FB4878-2BAF-4BD3-ABC0-95D4EB46A409}.Release|Any CPU.ActiveCfg = Release|Any CPU
		{61FB4878-2BAF-4BD3-ABC0-95D4EB46A409}.Release|Any CPU.Build.0 = Release|Any CPU
		{6CD47A03-7D57-4837-94DE-C89C09BB545E}.Debug|Any CPU.ActiveCfg = Debug|Any CPU
		{6CD47A03-7D57-4837-94DE-C89C09BB545E}.Debug|Any CPU.Build.0 = Debug|Any CPU
		{6CD47A03-7D57-4837-94DE-C89C09BB545E}.Release|Any CPU.ActiveCfg = Release|Any CPU
		{6CD47A03-7D57-4837-94DE-C89C09BB545E}.Release|Any CPU.Build.0 = Release|Any CPU
		{2DD7D257-094B-4AA2-BC8C-6D596DB3EFC5}.Debug|Any CPU.ActiveCfg = Debug|Any CPU
		{2DD7D257-094B-4AA2-BC8C-6D596DB3EFC5}.Debug|Any CPU.Build.0 = Debug|Any CPU
		{2DD7D257-094B-4AA2-BC8C-6D596DB3EFC5}.Release|Any CPU.ActiveCfg = Release|Any CPU
		{2DD7D257-094B-4AA2-BC8C-6D596DB3EFC5}.Release|Any CPU.Build.0 = Release|Any CPU
		{CCD29BB2-BDB4-45C4-B2E3-39CADC85B0C2}.Debug|Any CPU.ActiveCfg = Debug|Any CPU
		{CCD29BB2-BDB4-45C4-B2E3-39CADC85B0C2}.Debug|Any CPU.Build.0 = Debug|Any CPU
		{CCD29BB2-BDB4-45C4-B2E3-39CADC85B0C2}.Release|Any CPU.ActiveCfg = Release|Any CPU
		{CCD29BB2-BDB4-45C4-B2E3-39CADC85B0C2}.Release|Any CPU.Build.0 = Release|Any CPU
		{E773DAC1-782F-4304-8354-190481656D56}.Debug|Any CPU.ActiveCfg = Debug|Any CPU
		{E773DAC1-782F-4304-8354-190481656D56}.Debug|Any CPU.Build.0 = Debug|Any CPU
		{E773DAC1-782F-4304-8354-190481656D56}.Release|Any CPU.ActiveCfg = Release|Any CPU
		{E773DAC1-782F-4304-8354-190481656D56}.Release|Any CPU.Build.0 = Release|Any CPU
		{EEF6FE38-C547-4CB3-9CE1-B6AABF6654B9}.Debug|Any CPU.ActiveCfg = Debug|Any CPU
		{EEF6FE38-C547-4CB3-9CE1-B6AABF6654B9}.Debug|Any CPU.Build.0 = Debug|Any CPU
		{EEF6FE38-C547-4CB3-9CE1-B6AABF6654B9}.Release|Any CPU.ActiveCfg = Release|Any CPU
		{EEF6FE38-C547-4CB3-9CE1-B6AABF6654B9}.Release|Any CPU.Build.0 = Release|Any CPU
		{C4472993-7B7E-4214-B9FF-E8ED9FFB184C}.Debug|Any CPU.ActiveCfg = Debug|Any CPU
		{C4472993-7B7E-4214-B9FF-E8ED9FFB184C}.Debug|Any CPU.Build.0 = Debug|Any CPU
		{C4472993-7B7E-4214-B9FF-E8ED9FFB184C}.Release|Any CPU.ActiveCfg = Release|Any CPU
		{C4472993-7B7E-4214-B9FF-E8ED9FFB184C}.Release|Any CPU.Build.0 = Release|Any CPU
		{629327AA-EDA1-4CB2-9500-73A8669388B0}.Debug|Any CPU.ActiveCfg = Debug|Any CPU
		{629327AA-EDA1-4CB2-9500-73A8669388B0}.Debug|Any CPU.Build.0 = Debug|Any CPU
		{629327AA-EDA1-4CB2-9500-73A8669388B0}.Release|Any CPU.ActiveCfg = Release|Any CPU
		{629327AA-EDA1-4CB2-9500-73A8669388B0}.Release|Any CPU.Build.0 = Release|Any CPU
	EndGlobalSection
	GlobalSection(SolutionProperties) = preSolution
		HideSolutionNode = FALSE
	EndGlobalSection
	GlobalSection(NestedProjects) = preSolution
		{7E726089-EC65-401A-B5FC-8B4AB03E7A8E} = {669FBEF3-4ADA-4E30-8CAB-4E6E866B629F}
		{6B013CEB-39DF-4F9B-A3F4-3C6629A469AB} = {669FBEF3-4ADA-4E30-8CAB-4E6E866B629F}
		{066DCB7F-6DC9-488F-927D-51AD898D9966} = {669FBEF3-4ADA-4E30-8CAB-4E6E866B629F}
		{AB96AEDC-9564-44DD-8773-1F6D0F36C881} = {669FBEF3-4ADA-4E30-8CAB-4E6E866B629F}
		{9E4C020A-B596-47D5-B593-41C7AB74216F} = {669FBEF3-4ADA-4E30-8CAB-4E6E866B629F}
		{274F6E5D-C36A-46EA-A256-11F999CCCA55} = {7E726089-EC65-401A-B5FC-8B4AB03E7A8E}
		{2A3388B8-A3EA-4271-88DA-42F3AF35666E} = {7E726089-EC65-401A-B5FC-8B4AB03E7A8E}
		{63184402-C74C-488D-B058-66903E1F753D} = {6B013CEB-39DF-4F9B-A3F4-3C6629A469AB}
		{F560041F-C6E7-47E2-A3A7-A1E55FFBD3A2} = {6B013CEB-39DF-4F9B-A3F4-3C6629A469AB}
		{3B9AE1CD-0543-447F-95EE-007154955C1E} = {066DCB7F-6DC9-488F-927D-51AD898D9966}
		{3B25E82D-8E7A-4E8E-806E-648879380B1F} = {066DCB7F-6DC9-488F-927D-51AD898D9966}
		{C608F418-EA1E-493A-B555-1EDEFBD22B2D} = {AB96AEDC-9564-44DD-8773-1F6D0F36C881}
		{20D5C4E3-D31D-4B40-8F62-7B249F9B8BE1} = {AB96AEDC-9564-44DD-8773-1F6D0F36C881}
		{41223144-6FB2-47CA-95CA-64027C259149} = {9E4C020A-B596-47D5-B593-41C7AB74216F}
		{CF303B95-ECBA-4192-9FE6-F51BEF29E08F} = {9E4C020A-B596-47D5-B593-41C7AB74216F}
		{61FB4878-2BAF-4BD3-ABC0-95D4EB46A409} = {274F6E5D-C36A-46EA-A256-11F999CCCA55}
		{6CD47A03-7D57-4837-94DE-C89C09BB545E} = {2A3388B8-A3EA-4271-88DA-42F3AF35666E}
		{2DD7D257-094B-4AA2-BC8C-6D596DB3EFC5} = {63184402-C74C-488D-B058-66903E1F753D}
		{CCD29BB2-BDB4-45C4-B2E3-39CADC85B0C2} = {3B9AE1CD-0543-447F-95EE-007154955C1E}
		{E773DAC1-782F-4304-8354-190481656D56} = {C608F418-EA1E-493A-B555-1EDEFBD22B2D}
		{D48C6654-C118-44E7-9517-BDA1A4DFB824} = {1C303869-348A-4ED5-9D1F-6A19D57A2F00}
		{F91D5322-EE8F-4136-8E91-6B63AEC177B0} = {1C303869-348A-4ED5-9D1F-6A19D57A2F00}
		{2B4EA847-46F9-4F64-854B-2B001B1409E8} = {1C303869-348A-4ED5-9D1F-6A19D57A2F00}
		{EC516EF4-7BB7-4C06-9529-1E9C3BC364BD} = {E889ED3A-5EAF-469E-AC8A-EB13EDD0468C}
		{D149FE24-A88D-4D9F-ACF8-118CC9139E5D} = {7D91C765-EF7B-440D-B982-57FC4EDC9A90}
		{6DD81BDC-B341-40DA-86D3-B2AA78D09A66} = {7D91C765-EF7B-440D-B982-57FC4EDC9A90}
		{80AD348F-AC7B-4D3C-B7B0-9EA50B06F733} = {A8F904B5-C92C-4DA3-8667-A70B8CDD7F5A}
		{A5E4A9AE-BB7D-420E-A887-C94E01AF9939} = {A8F904B5-C92C-4DA3-8667-A70B8CDD7F5A}
		{87E704C3-8B87-4797-93C1-F3AB65DE52C7} = {A8F904B5-C92C-4DA3-8667-A70B8CDD7F5A}
		{C4987324-3350-4BF6-B0F4-1FD4B6D32FD7} = {A8F904B5-C92C-4DA3-8667-A70B8CDD7F5A}
		{76C90681-2105-44D5-AF0A-EF4C6DCBC362} = {D48C6654-C118-44E7-9517-BDA1A4DFB824}
		{068444DB-07CC-4A1B-AD23-1D734F93F373} = {D48C6654-C118-44E7-9517-BDA1A4DFB824}
		{0A1C9718-5B60-4BAA-AA4A-28557D60C4F2} = {D48C6654-C118-44E7-9517-BDA1A4DFB824}
		{E6C00755-74AB-41AB-BED8-689C6A94A9BC} = {D48C6654-C118-44E7-9517-BDA1A4DFB824}
		{70F4557A-0522-4246-965E-F3E227E199BD} = {D48C6654-C118-44E7-9517-BDA1A4DFB824}
		{FC6AD2B0-C5CF-4514-8999-AADD28D1795D} = {7D91C765-EF7B-440D-B982-57FC4EDC9A90}
		{11EFA78F-A45C-4245-A817-D7610321282D} = {6DD81BDC-B341-40DA-86D3-B2AA78D09A66}
		{9477126B-F8B7-4DD0-939F-52DF2DEE9C7F} = {7D91C765-EF7B-440D-B982-57FC4EDC9A90}
		{F7BFC106-02C5-43B3-A7BC-92B98368A0B8} = {2B4EA847-46F9-4F64-854B-2B001B1409E8}
		{C876BE9A-E1A2-4C48-A56B-F51AFA13484A} = {2B4EA847-46F9-4F64-854B-2B001B1409E8}
		{EB32D75D-149A-4EF2-AB69-986277EFF547} = {2B4EA847-46F9-4F64-854B-2B001B1409E8}
		{A8AA3A0D-A7EB-4337-BA1D-7F84B7C91A07} = {2B4EA847-46F9-4F64-854B-2B001B1409E8}
		{A8CAC7B7-3775-4174-AE4E-A59241507B3F} = {2B4EA847-46F9-4F64-854B-2B001B1409E8}
		{1393D600-9298-4EEA-AC35-C056D98D1145} = {2B4EA847-46F9-4F64-854B-2B001B1409E8}
		{3DFDC4F7-260B-470D-A361-55AADC242EC2} = {2B4EA847-46F9-4F64-854B-2B001B1409E8}
		{FD66F8AD-BEC2-45A1-BBD2-EAB84864C7A7} = {2B4EA847-46F9-4F64-854B-2B001B1409E8}
		{BC93B0C5-2918-482D-BEA8-024C991B0B5C} = {2B4EA847-46F9-4F64-854B-2B001B1409E8}
		{AA979520-C44D-4014-BEAD-781102B1F7B5} = {2B4EA847-46F9-4F64-854B-2B001B1409E8}
		{31AF0EC0-FBF0-4DB0-A1CB-672A500A03AB} = {F91D5322-EE8F-4136-8E91-6B63AEC177B0}
		{9CE2B2DC-1229-4D24-95C8-B517462D5F1B} = {F91D5322-EE8F-4136-8E91-6B63AEC177B0}
		{B2448B11-32DA-469F-8806-8770DBC91501} = {F91D5322-EE8F-4136-8E91-6B63AEC177B0}
		{1C6883BC-E1BE-4A86-8DED-1F5D220DBCFF} = {F91D5322-EE8F-4136-8E91-6B63AEC177B0}
		{C0156830-06BB-4051-A26D-82BEC2196284} = {F91D5322-EE8F-4136-8E91-6B63AEC177B0}
		{155156F1-2A30-4FC2-8123-DB56D456BB1A} = {F91D5322-EE8F-4136-8E91-6B63AEC177B0}
		{871B298F-684B-406B-B5DD-01F677B3E8AD} = {F91D5322-EE8F-4136-8E91-6B63AEC177B0}
		{71899B23-D76F-4A97-A9DC-63A52D63BD44} = {11EFA78F-A45C-4245-A817-D7610321282D}
		{7747A814-92D5-4D64-BCF5-63D7488BDEF4} = {11EFA78F-A45C-4245-A817-D7610321282D}
		{97429BB2-3276-488D-AE3F-88AB8ADEFF44} = {11EFA78F-A45C-4245-A817-D7610321282D}
		{2CEB8B09-003A-4931-93C3-B52CA242502B} = {6DD81BDC-B341-40DA-86D3-B2AA78D09A66}
		{EEF6FE38-C547-4CB3-9CE1-B6AABF6654B9} = {F560041F-C6E7-47E2-A3A7-A1E55FFBD3A2}
		{C4472993-7B7E-4214-B9FF-E8ED9FFB184C} = {3B25E82D-8E7A-4E8E-806E-648879380B1F}
		{47E2D08C-0836-466B-BF19-FFA01C18B698} = {A8F904B5-C92C-4DA3-8667-A70B8CDD7F5A}
		{A5CDC5DB-B7A7-4593-9C31-9F7EF2C840CD} = {A8F904B5-C92C-4DA3-8667-A70B8CDD7F5A}
		{629327AA-EDA1-4CB2-9500-73A8669388B0} = {20D5C4E3-D31D-4B40-8F62-7B249F9B8BE1}
	EndGlobalSection
	GlobalSection(ExtensibilityGlobals) = postSolution
		SolutionGuid = {092120EC-8ABD-48F7-BC8A-79CCD7346BC0}
	EndGlobalSection
EndGlobal
