
Microsoft Visual Studio Solution File, Format Version 12.00
# Visual Studio 15
VisualStudioVersion = 15.0.28307.572
MinimumVisualStudioVersion = 10.0.40219.1
Project("{FAE04EC0-301F-11D3-BF4B-00C04F79EFBC}") = "Software Dev Training", "Software Dev Training\Software Dev Training.csproj", "{6B83DF11-D158-4BE6-AC69-13DCB59C2893}"
EndProject
Global
	GlobalSection(SolutionConfigurationPlatforms) = preSolution
		Debug|Any CPU = Debug|Any CPU
		Release|Any CPU = Release|Any CPU
	EndGlobalSection
	GlobalSection(ProjectConfigurationPlatforms) = postSolution
		{6B83DF11-D158-4BE6-AC69-13DCB59C2893}.Debug|Any CPU.ActiveCfg = Debug|Any CPU
		{6B83DF11-D158-4BE6-AC69-13DCB59C2893}.Debug|Any CPU.Build.0 = Debug|Any CPU
		{6B83DF11-D158-4BE6-AC69-13DCB59C2893}.Release|Any CPU.ActiveCfg = Release|Any CPU
		{6B83DF11-D158-4BE6-AC69-13DCB59C2893}.Release|Any CPU.Build.0 = Release|Any CPU
	EndGlobalSection
	GlobalSection(SolutionProperties) = preSolution
		HideSolutionNode = FALSE
	EndGlobalSection
	GlobalSection(ExtensibilityGlobals) = postSolution
		SolutionGuid = {092120EC-8ABD-48F7-BC8A-79CCD7346BC0}
	EndGlobalSection
EndGlobal
