
Microsoft Visual Studio Solution File, Format Version 12.00
# Visual Studio 15
VisualStudioVersion = 15.0.28307.572
MinimumVisualStudioVersion = 10.0.40219.1
Project("{2150E333-8FDC-42A3-9474-1A3956D46DE8}") = "SOLID", "SOLID", "{669FBEF3-4ADA-4E30-8CAB-4E6E866B629F}"
EndProject
Project("{2150E333-8FDC-42A3-9474-1A3956D46DE8}") = "1. Single Responsibility Principle", "1. Single Responsibility Principle", "{7E726089-EC65-401A-B5FC-8B4AB03E7A8E}"
EndProject
Project("{2150E333-8FDC-42A3-9474-1A3956D46DE8}") = "2. Open Closed Principle", "2. Open Closed Principle", "{6B013CEB-39DF-4F9B-A3F4-3C6629A469AB}"
EndProject
Project("{2150E333-8FDC-42A3-9474-1A3956D46DE8}") = "3. Liskov Substitution Principle", "3. Liskov Substitution Principle", "{066DCB7F-6DC9-488F-927D-51AD898D9966}"
EndProject
Project("{2150E333-8FDC-42A3-9474-1A3956D46DE8}") = "4. Interface Segregation Principle", "4. Interface Segregation Principle", "{AB96AEDC-9564-44DD-8773-1F6D0F36C881}"
EndProject
Project("{2150E333-8FDC-42A3-9474-1A3956D46DE8}") = "5 Dependency Inversion Principle", "5 Dependency Inversion Principle", "{9E4C020A-B596-47D5-B593-41C7AB74216F}"
EndProject
Project("{2150E333-8FDC-42A3-9474-1A3956D46DE8}") = "1.1 Example", "1.1 Example", "{274F6E5D-C36A-46EA-A256-11F999CCCA55}"
EndProject
Project("{2150E333-8FDC-42A3-9474-1A3956D46DE8}") = "1.2 Assignment", "1.2 Assignment", "{2A3388B8-A3EA-4271-88DA-42F3AF35666E}"
EndProject
Project("{2150E333-8FDC-42A3-9474-1A3956D46DE8}") = "2.1 Example", "2.1 Example", "{63184402-C74C-488D-B058-66903E1F753D}"
EndProject
Project("{2150E333-8FDC-42A3-9474-1A3956D46DE8}") = "2.2 Assignment", "2.2 Assignment", "{F560041F-C6E7-47E2-A3A7-A1E55FFBD3A2}"
EndProject
Project("{2150E333-8FDC-42A3-9474-1A3956D46DE8}") = "3.1 Example", "3.1 Example", "{3B9AE1CD-0543-447F-95EE-007154955C1E}"
EndProject
Project("{2150E333-8FDC-42A3-9474-1A3956D46DE8}") = "3.2 Assignment", "3.2 Assignment", "{3B25E82D-8E7A-4E8E-806E-648879380B1F}"
EndProject
Project("{2150E333-8FDC-42A3-9474-1A3956D46DE8}") = "Patterns", "Patterns", "{1C303869-348A-4ED5-9D1F-6A19D57A2F00}"
EndProject
Project("{2150E333-8FDC-42A3-9474-1A3956D46DE8}") = "4.1 Example", "4.1 Example", "{C608F418-EA1E-493A-B555-1EDEFBD22B2D}"
EndProject
Project("{2150E333-8FDC-42A3-9474-1A3956D46DE8}") = "4.2 Assignment", "4.2 Assignment", "{20D5C4E3-D31D-4B40-8F62-7B249F9B8BE1}"
EndProject
Project("{2150E333-8FDC-42A3-9474-1A3956D46DE8}") = "5.1 Example", "5.1 Example", "{41223144-6FB2-47CA-95CA-64027C259149}"
EndProject
Project("{2150E333-8FDC-42A3-9474-1A3956D46DE8}") = "5.2 Assignment", "5.2 Assignment", "{CF303B95-ECBA-4192-9FE6-F51BEF29E08F}"
EndProject
Project("{9A19103F-16F7-4668-BE54-9A1E7A4F7556}") = "SRPExample", "SRPExample\SRPExample.csproj", "{61FB4878-2BAF-4BD3-ABC0-95D4EB46A409}"
EndProject
Project("{9A19103F-16F7-4668-BE54-9A1E7A4F7556}") = "SRPAssignment", "SRPAssignment\SRPAssignment.csproj", "{6CD47A03-7D57-4837-94DE-C89C09BB545E}"
EndProject
Project("{9A19103F-16F7-4668-BE54-9A1E7A4F7556}") = "OCPExample", "OCPExample\OCPExample.csproj", "{2DD7D257-094B-4AA2-BC8C-6D596DB3EFC5}"
EndProject
Project("{9A19103F-16F7-4668-BE54-9A1E7A4F7556}") = "LSPExample", "LSPExample\LSPExample.csproj", "{CCD29BB2-BDB4-45C4-B2E3-39CADC85B0C2}"
EndProject
Project("{9A19103F-16F7-4668-BE54-9A1E7A4F7556}") = "ISPExample", "ISPExample\ISPExample.csproj", "{E773DAC1-782F-4304-8354-190481656D56}"
EndProject
Project("{2150E333-8FDC-42A3-9474-1A3956D46DE8}") = "Testing", "Testing", "{E889ED3A-5EAF-469E-AC8A-EB13EDD0468C}"
EndProject
Global
	GlobalSection(SolutionConfigurationPlatforms) = preSolution
		Debug|Any CPU = Debug|Any CPU
		Release|Any CPU = Release|Any CPU
	EndGlobalSection
	GlobalSection(ProjectConfigurationPlatforms) = postSolution
		{61FB4878-2BAF-4BD3-ABC0-95D4EB46A409}.Debug|Any CPU.ActiveCfg = Debug|Any CPU
		{61FB4878-2BAF-4BD3-ABC0-95D4EB46A409}.Debug|Any CPU.Build.0 = Debug|Any CPU
		{61FB4878-2BAF-4BD3-ABC0-95D4EB46A409}.Release|Any CPU.ActiveCfg = Release|Any CPU
		{61FB4878-2BAF-4BD3-ABC0-95D4EB46A409}.Release|Any CPU.Build.0 = Release|Any CPU
		{6CD47A03-7D57-4837-94DE-C89C09BB545E}.Debug|Any CPU.ActiveCfg = Debug|Any CPU
		{6CD47A03-7D57-4837-94DE-C89C09BB545E}.Debug|Any CPU.Build.0 = Debug|Any CPU
		{6CD47A03-7D57-4837-94DE-C89C09BB545E}.Release|Any CPU.ActiveCfg = Release|Any CPU
		{6CD47A03-7D57-4837-94DE-C89C09BB545E}.Release|Any CPU.Build.0 = Release|Any CPU
		{2DD7D257-094B-4AA2-BC8C-6D596DB3EFC5}.Debug|Any CPU.ActiveCfg = Debug|Any CPU
		{2DD7D257-094B-4AA2-BC8C-6D596DB3EFC5}.Debug|Any CPU.Build.0 = Debug|Any CPU
		{2DD7D257-094B-4AA2-BC8C-6D596DB3EFC5}.Release|Any CPU.ActiveCfg = Release|Any CPU
		{2DD7D257-094B-4AA2-BC8C-6D596DB3EFC5}.Release|Any CPU.Build.0 = Release|Any CPU
		{CCD29BB2-BDB4-45C4-B2E3-39CADC85B0C2}.Debug|Any CPU.ActiveCfg = Debug|Any CPU
		{CCD29BB2-BDB4-45C4-B2E3-39CADC85B0C2}.Debug|Any CPU.Build.0 = Debug|Any CPU
		{CCD29BB2-BDB4-45C4-B2E3-39CADC85B0C2}.Release|Any CPU.ActiveCfg = Release|Any CPU
		{CCD29BB2-BDB4-45C4-B2E3-39CADC85B0C2}.Release|Any CPU.Build.0 = Release|Any CPU
		{E773DAC1-782F-4304-8354-190481656D56}.Debug|Any CPU.ActiveCfg = Debug|Any CPU
		{E773DAC1-782F-4304-8354-190481656D56}.Debug|Any CPU.Build.0 = Debug|Any CPU
		{E773DAC1-782F-4304-8354-190481656D56}.Release|Any CPU.ActiveCfg = Release|Any CPU
		{E773DAC1-782F-4304-8354-190481656D56}.Release|Any CPU.Build.0 = Release|Any CPU
	EndGlobalSection
	GlobalSection(SolutionProperties) = preSolution
		HideSolutionNode = FALSE
	EndGlobalSection
	GlobalSection(NestedProjects) = preSolution
		{7E726089-EC65-401A-B5FC-8B4AB03E7A8E} = {669FBEF3-4ADA-4E30-8CAB-4E6E866B629F}
		{6B013CEB-39DF-4F9B-A3F4-3C6629A469AB} = {669FBEF3-4ADA-4E30-8CAB-4E6E866B629F}
		{066DCB7F-6DC9-488F-927D-51AD898D9966} = {669FBEF3-4ADA-4E30-8CAB-4E6E866B629F}
		{AB96AEDC-9564-44DD-8773-1F6D0F36C881} = {669FBEF3-4ADA-4E30-8CAB-4E6E866B629F}
		{9E4C020A-B596-47D5-B593-41C7AB74216F} = {669FBEF3-4ADA-4E30-8CAB-4E6E866B629F}
		{274F6E5D-C36A-46EA-A256-11F999CCCA55} = {7E726089-EC65-401A-B5FC-8B4AB03E7A8E}
		{2A3388B8-A3EA-4271-88DA-42F3AF35666E} = {7E726089-EC65-401A-B5FC-8B4AB03E7A8E}
		{63184402-C74C-488D-B058-66903E1F753D} = {6B013CEB-39DF-4F9B-A3F4-3C6629A469AB}
		{F560041F-C6E7-47E2-A3A7-A1E55FFBD3A2} = {6B013CEB-39DF-4F9B-A3F4-3C6629A469AB}
		{3B9AE1CD-0543-447F-95EE-007154955C1E} = {066DCB7F-6DC9-488F-927D-51AD898D9966}
		{3B25E82D-8E7A-4E8E-806E-648879380B1F} = {066DCB7F-6DC9-488F-927D-51AD898D9966}
		{C608F418-EA1E-493A-B555-1EDEFBD22B2D} = {AB96AEDC-9564-44DD-8773-1F6D0F36C881}
		{20D5C4E3-D31D-4B40-8F62-7B249F9B8BE1} = {AB96AEDC-9564-44DD-8773-1F6D0F36C881}
		{41223144-6FB2-47CA-95CA-64027C259149} = {9E4C020A-B596-47D5-B593-41C7AB74216F}
		{CF303B95-ECBA-4192-9FE6-F51BEF29E08F} = {9E4C020A-B596-47D5-B593-41C7AB74216F}
		{61FB4878-2BAF-4BD3-ABC0-95D4EB46A409} = {274F6E5D-C36A-46EA-A256-11F999CCCA55}
		{6CD47A03-7D57-4837-94DE-C89C09BB545E} = {2A3388B8-A3EA-4271-88DA-42F3AF35666E}
		{2DD7D257-094B-4AA2-BC8C-6D596DB3EFC5} = {63184402-C74C-488D-B058-66903E1F753D}
		{CCD29BB2-BDB4-45C4-B2E3-39CADC85B0C2} = {3B9AE1CD-0543-447F-95EE-007154955C1E}
		{E773DAC1-782F-4304-8354-190481656D56} = {C608F418-EA1E-493A-B555-1EDEFBD22B2D}
	EndGlobalSection
	GlobalSection(ExtensibilityGlobals) = postSolution
		SolutionGuid = {092120EC-8ABD-48F7-BC8A-79CCD7346BC0}
	EndGlobalSection
EndGlobal
